
Microsoft Visual Studio Solution File, Format Version 12.00
# Visual Studio Version 17
VisualStudioVersion = 17.9.34607.119
MinimumVisualStudioVersion = 10.0.40219.1
Project("{FAE04EC0-301F-11D3-BF4B-00C04F79EFBC}") = "Ecommerce.API", "Ecommerce.API\Ecommerce.API.csproj", "{451019FA-23BC-4347-A047-53098D4BB94D}"
EndProject
Global
	GlobalSection(SolutionConfigurationPlatforms) = preSolution
		Debug|Any CPU = Debug|Any CPU
		Release|Any CPU = Release|Any CPU
	EndGlobalSection
	GlobalSection(ProjectConfigurationPlatforms) = postSolution
		{451019FA-23BC-4347-A047-53098D4BB94D}.Debug|Any CPU.ActiveCfg = Debug|Any CPU
		{451019FA-23BC-4347-A047-53098D4BB94D}.Debug|Any CPU.Build.0 = Debug|Any CPU
		{451019FA-23BC-4347-A047-53098D4BB94D}.Release|Any CPU.ActiveCfg = Release|Any CPU
		{451019FA-23BC-4347-A047-53098D4BB94D}.Release|Any CPU.Build.0 = Release|Any CPU
	EndGlobalSection
	GlobalSection(SolutionProperties) = preSolution
		HideSolutionNode = FALSE
	EndGlobalSection
	GlobalSection(ExtensibilityGlobals) = postSolution
		SolutionGuid = {163275F1-59BE-4415-A8D5-999EA814C72E}
	EndGlobalSection
EndGlobal
